<?xml version="1.0" encoding="UTF-8" standalone="yes" ?>
<CodeBlocks_project_file>
	<FileVersion major="1" minor="6" />
	<Project>
		<Option title="ifcgame" />
		<Option pch_mode="2" />
		<Option compiler="gcc" />
		<Build>
			<Target title="Debug">
				<Option output="bin/Debug/ifcgame" prefix_auto="1" extension_auto="1" />
				<Option object_output="obj/Debug/" />
				<Option type="1" />
				<Option compiler="gcc" />
				<Compiler>
					<Add option="-g" />
					<Add option="-DPHYSICS_DRAW_DEBUG" />
					<Add directory="include/entities" />
					<Add directory="include" />
				</Compiler>
			</Target>
			<Target title="Release">
				<Option output="bin/Release/ifcgame" prefix_auto="1" extension_auto="1" />
				<Option object_output="obj/Release/" />
				<Option type="1" />
				<Option compiler="gcc" />
				<Compiler>
					<Add option="-O2" />
					<Add directory="include" />
					<Add directory="include/entities" />
					<Add directory="include/packets" />
				</Compiler>
				<Linker>
					<Add option="-s" />
				</Linker>
			</Target>
		</Build>
		<Compiler>
			<Add option="-pedantic" />
			<Add option="-Wextra" />
			<Add option="-Wall" />
			<Add option="-std=c11" />
			<Add directory="include" />
		</Compiler>
		<Linker>
			<Add option="`pkg-config --libs" />
			<Add option="allegro_image-5" />
			<Add option="allegro-5" />
			<Add option="allegro_ttf-5" />
			<Add option="allegro_acodec-5" />
			<Add option="allegro_video-5" />
			<Add option="allegro_dialog-5" />
			<Add option="allegro_physfs-5" />
			<Add option="allegro_primitives-5" />
			<Add option="allegro_font-5" />
			<Add option="allegro_memfile-5" />
			<Add option="allegro_color-5" />
			<Add option="allegro_audio-5" />
			<Add option="allegro_main-5" />
			<Add option="`" />
			<Add library="m" />
			<Add library="libenet" />
			<Add library="chipmunk" />
			<Add library="allegro_monolith" />
		</Linker>
		<ExtraCommands>
			<Add before='bash &quot;$(PROJECT_DIR)build.sh&quot; &quot;$(PROJECT_DIR)&quot; &quot;$(TARGET_OUTPUT_DIR)&quot;' />
			<Add after='cp -r &quot;$(PROJECT_DIR)assets/&quot; &quot;$(TARGET_OUTPUT_DIR)&quot;' />
			<Mode after="always" />
		</ExtraCommands>
		<Unit filename="README.md" />
		<Unit filename="assets/config.ini" />
		<Unit filename="assets/entities/test.ini" />
		<Unit filename="assets/entities/wall.ini" />
		<Unit filename="assets/scenes/menu.ini" />
		<Unit filename="assets/scenes/test.ini" />
		<Unit filename="include/config.h" />
		<Unit filename="include/connection.h" />
		<Unit filename="include/console.h" />
		<Unit filename="include/cvars.h" />
		<Unit filename="include/entities/configurable_entity.h" />
		<Unit filename="include/entities/menu_entity.h" />
		<Unit filename="include/entities/player_entity.h" />
		<Unit filename="include/entities/player_spawn_entity.h" />
		<Unit filename="include/entities/weapon_entity.h" />
		<Unit filename="include/entity.h" />
		<Unit filename="include/entity_types.gen.h" />
		<Unit filename="include/game_state.h" />
		<Unit filename="include/graphics.h" />
		<Unit filename="include/hashmap.h" />
		<Unit filename="include/keymap.h" />
		<Unit filename="include/keymap_codes.gen.h" />
		<Unit filename="include/list.h" />
		<Unit filename="include/pack.h" />
		<Unit filename="include/physics.h" />
		<Unit filename="include/physics_debug.h" />
		<Unit filename="include/scene.h" />
		<Unit filename="include/textbox.h" />
		<Unit filename="main.c">
			<Option compilerVar="CC" />
		</Unit>
		<Unit filename="src/config.c">
			<Option compilerVar="CC" />
		</Unit>
		<Unit filename="src/connection.c">
			<Option compilerVar="CC" />
		</Unit>
		<Unit filename="src/console.c">
			<Option compilerVar="CC" />
		</Unit>
		<Unit filename="src/cvars.c">
			<Option compilerVar="CC" />
		</Unit>
		<Unit filename="src/entities/configurable_entity.c">
			<Option compilerVar="CC" />
		</Unit>
		<Unit filename="src/entities/menu_entity.c">
			<Option compilerVar="CC" />
		</Unit>
		<Unit filename="src/entities/player_entity.c">
			<Option compilerVar="CC" />
		</Unit>
		<Unit filename="src/entities/player_spawn_entity.c">
			<Option compilerVar="CC" />
		</Unit>
		<Unit filename="src/entities/weapon_entity.c">
			<Option compilerVar="CC" />
		</Unit>
		<Unit filename="src/entity.c">
			<Option compilerVar="CC" />
		</Unit>
		<Unit filename="src/game_state.c">
			<Option compilerVar="CC" />
		</Unit>
		<Unit filename="src/graphics.c">
			<Option compilerVar="CC" />
		</Unit>
		<Unit filename="src/hashmap.c">
			<Option compilerVar="CC" />
		</Unit>
		<Unit filename="src/keymap.c">
			<Option compilerVar="CC" />
		</Unit>
		<Unit filename="src/list.c">
			<Option compilerVar="CC" />
		</Unit>
		<Unit filename="src/pack.c">
			<Option compilerVar="CC" />
		</Unit>
		<Unit filename="src/physics.c">
			<Option compilerVar="CC" />
		</Unit>
		<Unit filename="src/physics_debug.c">
			<Option compilerVar="CC" />
		</Unit>
		<Unit filename="src/scene.c">
			<Option compilerVar="CC" />
		</Unit>
		<Unit filename="src/textbox.c">
			<Option compilerVar="CC" />
		</Unit>
		<Extensions>
			<code_completion />
			<envvars />
			<debugger />
			<lib_finder disable_auto="1" />
		</Extensions>
	</Project>
</CodeBlocks_project_file>
